
Microsoft Visual Studio Solution File, Format Version 12.00
# Visual Studio Version 16
VisualStudioVersion = 16.0.30523.141
MinimumVisualStudioVersion = 10.0.40219.1
Project("{8BC9CEB8-8B4A-11D0-8D11-00A0C91BC942}") = "lab_4.2", "lab_4.2\lab_4.2.vcxproj", "{A940B028-70E1-4676-8820-2B61ACE16448}"
EndProject
Global
	GlobalSection(SolutionConfigurationPlatforms) = preSolution
		Debug|x64 = Debug|x64
		Debug|x86 = Debug|x86
		Release|x64 = Release|x64
		Release|x86 = Release|x86
	EndGlobalSection
	GlobalSection(ProjectConfigurationPlatforms) = postSolution
		{A940B028-70E1-4676-8820-2B61ACE16448}.Debug|x64.ActiveCfg = Debug|x64
		{A940B028-70E1-4676-8820-2B61ACE16448}.Debug|x64.Build.0 = Debug|x64
		{A940B028-70E1-4676-8820-2B61ACE16448}.Debug|x86.ActiveCfg = Debug|Win32
		{A940B028-70E1-4676-8820-2B61ACE16448}.Debug|x86.Build.0 = Debug|Win32
		{A940B028-70E1-4676-8820-2B61ACE16448}.Release|x64.ActiveCfg = Release|x64
		{A940B028-70E1-4676-8820-2B61ACE16448}.Release|x64.Build.0 = Release|x64
		{A940B028-70E1-4676-8820-2B61ACE16448}.Release|x86.ActiveCfg = Release|Win32
		{A940B028-70E1-4676-8820-2B61ACE16448}.Release|x86.Build.0 = Release|Win32
	EndGlobalSection
	GlobalSection(SolutionProperties) = preSolution
		HideSolutionNode = FALSE
	EndGlobalSection
	GlobalSection(ExtensibilityGlobals) = postSolution
		SolutionGuid = {E5CCD37B-AA0E-4E2E-B656-C3D8EBFF8C7E}
	EndGlobalSection
EndGlobal
